
Microsoft Visual Studio Solution File, Format Version 12.00
# Visual Studio Version 16
VisualStudioVersion = 16.0.29519.181
MinimumVisualStudioVersion = 10.0.40219.1
Project("{2150E333-8FDC-42A3-9474-1A3956D46DE8}") = "Domain", "Domain", "{B492C105-6FDA-416D-BE2F-5AA8CDB5DE67}"
EndProject
Project("{2150E333-8FDC-42A3-9474-1A3956D46DE8}") = "Infra.Bus", "Infra.Bus", "{8509CBDB-748E-47F9-979B-E84C036A8890}"
EndProject
Project("{2150E333-8FDC-42A3-9474-1A3956D46DE8}") = "Infra.IoT", "Infra.IoT", "{0D0036AC-8E9C-4F1F-9D90-D6ACFD8673E9}"
EndProject
Project("{2150E333-8FDC-42A3-9474-1A3956D46DE8}") = "Microservices", "Microservices", "{2C522702-9322-4A0E-BA82-D1C870C1A9B0}"
EndProject
Project("{2150E333-8FDC-42A3-9474-1A3956D46DE8}") = "Presentation", "Presentation", "{0A6620C0-F263-4832-917D-1B5FCE85F829}"
EndProject
Project("{9A19103F-16F7-4668-BE54-9A1E7A4F7556}") = "Microservices.Domain.Core", "Microservices.Domain.Core\Microservices.Domain.Core.csproj", "{188F8E7F-33D6-4B30-9073-6EAC6487DD3C}"
EndProject
Project("{9A19103F-16F7-4668-BE54-9A1E7A4F7556}") = "Microservices.Infra.Bus", "Microservices.Bus\Microservices.Infra.Bus.csproj", "{45E687F9-27D9-41E8-9281-F01AE59B7207}"
EndProject
Project("{9A19103F-16F7-4668-BE54-9A1E7A4F7556}") = "Microservices.Infra.IoC", "Microservices.Infra.IoC\Microservices.Infra.IoC.csproj", "{61B70E4F-8A90-4CA7-9CD9-A8105942A71C}"
EndProject
Project("{2150E333-8FDC-42A3-9474-1A3956D46DE8}") = "Banking", "Banking", "{7ECE5FB8-07FC-4A83-93ED-74CBEFF405BC}"
EndProject
Project("{2150E333-8FDC-42A3-9474-1A3956D46DE8}") = "Api", "Api", "{F4DE93BE-3162-4D4F-A402-62997AB960BF}"
EndProject
Project("{2150E333-8FDC-42A3-9474-1A3956D46DE8}") = "Domain", "Domain", "{A0F0B840-65DD-462F-9449-52B54D085983}"
EndProject
Project("{2150E333-8FDC-42A3-9474-1A3956D46DE8}") = "Application", "Application", "{C6C05A40-12A7-47FB-9CB4-7175A4D58F21}"
EndProject
Project("{2150E333-8FDC-42A3-9474-1A3956D46DE8}") = "Data", "Data", "{C570451A-0EB5-4F1F-BE25-5DC2CFB3EA9B}"
EndProject
Project("{FAE04EC0-301F-11D3-BF4B-00C04F79EFBC}") = "Microservices.Banking.Api", "Microservices.Banking.Api\Microservices.Banking.Api.csproj", "{7A74718A-879F-4028-9A89-126805C4E870}"
EndProject
Project("{FAE04EC0-301F-11D3-BF4B-00C04F79EFBC}") = "Microservices.Banking.Application", "Microservices.Banking.Application\Microservices.Banking.Application.csproj", "{30E1FDAA-4F47-4CB6-B813-50508AF2A18B}"
EndProject
Project("{FAE04EC0-301F-11D3-BF4B-00C04F79EFBC}") = "Microservices.Banking.Data", "Microservices.Banking.Data\Microservices.Banking.Data.csproj", "{2A2944D2-E840-41E6-8B2E-485492D40109}"
EndProject
Project("{FAE04EC0-301F-11D3-BF4B-00C04F79EFBC}") = "Microservices.Banking.Domain", "Microservices.Banking.Domain\Microservices.Banking.Domain.csproj", "{2E9DDA01-AF74-4504-BA67-1B3E5053378E}"
EndProject
Global
	GlobalSection(SolutionConfigurationPlatforms) = preSolution
		Debug|Any CPU = Debug|Any CPU
		Release|Any CPU = Release|Any CPU
	EndGlobalSection
	GlobalSection(ProjectConfigurationPlatforms) = postSolution
		{188F8E7F-33D6-4B30-9073-6EAC6487DD3C}.Debug|Any CPU.ActiveCfg = Debug|Any CPU
		{188F8E7F-33D6-4B30-9073-6EAC6487DD3C}.Debug|Any CPU.Build.0 = Debug|Any CPU
		{188F8E7F-33D6-4B30-9073-6EAC6487DD3C}.Release|Any CPU.ActiveCfg = Release|Any CPU
		{188F8E7F-33D6-4B30-9073-6EAC6487DD3C}.Release|Any CPU.Build.0 = Release|Any CPU
		{45E687F9-27D9-41E8-9281-F01AE59B7207}.Debug|Any CPU.ActiveCfg = Debug|Any CPU
		{45E687F9-27D9-41E8-9281-F01AE59B7207}.Debug|Any CPU.Build.0 = Debug|Any CPU
		{45E687F9-27D9-41E8-9281-F01AE59B7207}.Release|Any CPU.ActiveCfg = Release|Any CPU
		{45E687F9-27D9-41E8-9281-F01AE59B7207}.Release|Any CPU.Build.0 = Release|Any CPU
		{61B70E4F-8A90-4CA7-9CD9-A8105942A71C}.Debug|Any CPU.ActiveCfg = Debug|Any CPU
		{61B70E4F-8A90-4CA7-9CD9-A8105942A71C}.Debug|Any CPU.Build.0 = Debug|Any CPU
		{61B70E4F-8A90-4CA7-9CD9-A8105942A71C}.Release|Any CPU.ActiveCfg = Release|Any CPU
		{61B70E4F-8A90-4CA7-9CD9-A8105942A71C}.Release|Any CPU.Build.0 = Release|Any CPU
		{7A74718A-879F-4028-9A89-126805C4E870}.Debug|Any CPU.ActiveCfg = Debug|Any CPU
		{7A74718A-879F-4028-9A89-126805C4E870}.Debug|Any CPU.Build.0 = Debug|Any CPU
		{7A74718A-879F-4028-9A89-126805C4E870}.Release|Any CPU.ActiveCfg = Release|Any CPU
		{7A74718A-879F-4028-9A89-126805C4E870}.Release|Any CPU.Build.0 = Release|Any CPU
		{30E1FDAA-4F47-4CB6-B813-50508AF2A18B}.Debug|Any CPU.ActiveCfg = Debug|Any CPU
		{30E1FDAA-4F47-4CB6-B813-50508AF2A18B}.Debug|Any CPU.Build.0 = Debug|Any CPU
		{30E1FDAA-4F47-4CB6-B813-50508AF2A18B}.Release|Any CPU.ActiveCfg = Release|Any CPU
		{30E1FDAA-4F47-4CB6-B813-50508AF2A18B}.Release|Any CPU.Build.0 = Release|Any CPU
		{2A2944D2-E840-41E6-8B2E-485492D40109}.Debug|Any CPU.ActiveCfg = Debug|Any CPU
		{2A2944D2-E840-41E6-8B2E-485492D40109}.Debug|Any CPU.Build.0 = Debug|Any CPU
		{2A2944D2-E840-41E6-8B2E-485492D40109}.Release|Any CPU.ActiveCfg = Release|Any CPU
		{2A2944D2-E840-41E6-8B2E-485492D40109}.Release|Any CPU.Build.0 = Release|Any CPU
		{2E9DDA01-AF74-4504-BA67-1B3E5053378E}.Debug|Any CPU.ActiveCfg = Debug|Any CPU
		{2E9DDA01-AF74-4504-BA67-1B3E5053378E}.Debug|Any CPU.Build.0 = Debug|Any CPU
		{2E9DDA01-AF74-4504-BA67-1B3E5053378E}.Release|Any CPU.ActiveCfg = Release|Any CPU
		{2E9DDA01-AF74-4504-BA67-1B3E5053378E}.Release|Any CPU.Build.0 = Release|Any CPU
	EndGlobalSection
	GlobalSection(SolutionProperties) = preSolution
		HideSolutionNode = FALSE
	EndGlobalSection
	GlobalSection(NestedProjects) = preSolution
		{188F8E7F-33D6-4B30-9073-6EAC6487DD3C} = {B492C105-6FDA-416D-BE2F-5AA8CDB5DE67}
		{45E687F9-27D9-41E8-9281-F01AE59B7207} = {8509CBDB-748E-47F9-979B-E84C036A8890}
		{61B70E4F-8A90-4CA7-9CD9-A8105942A71C} = {0D0036AC-8E9C-4F1F-9D90-D6ACFD8673E9}
		{7ECE5FB8-07FC-4A83-93ED-74CBEFF405BC} = {2C522702-9322-4A0E-BA82-D1C870C1A9B0}
		{F4DE93BE-3162-4D4F-A402-62997AB960BF} = {7ECE5FB8-07FC-4A83-93ED-74CBEFF405BC}
		{A0F0B840-65DD-462F-9449-52B54D085983} = {7ECE5FB8-07FC-4A83-93ED-74CBEFF405BC}
		{C6C05A40-12A7-47FB-9CB4-7175A4D58F21} = {7ECE5FB8-07FC-4A83-93ED-74CBEFF405BC}
		{C570451A-0EB5-4F1F-BE25-5DC2CFB3EA9B} = {7ECE5FB8-07FC-4A83-93ED-74CBEFF405BC}
		{7A74718A-879F-4028-9A89-126805C4E870} = {F4DE93BE-3162-4D4F-A402-62997AB960BF}
		{30E1FDAA-4F47-4CB6-B813-50508AF2A18B} = {C6C05A40-12A7-47FB-9CB4-7175A4D58F21}
		{2A2944D2-E840-41E6-8B2E-485492D40109} = {C570451A-0EB5-4F1F-BE25-5DC2CFB3EA9B}
		{2E9DDA01-AF74-4504-BA67-1B3E5053378E} = {A0F0B840-65DD-462F-9449-52B54D085983}
	EndGlobalSection
	GlobalSection(ExtensibilityGlobals) = postSolution
		SolutionGuid = {76B3613C-9748-437E-8B61-88B881E13C1E}
	EndGlobalSection
EndGlobal
